
Microsoft Visual Studio Solution File, Format Version 12.00
# Visual Studio Version 17
VisualStudioVersion = 17.8.34525.116
MinimumVisualStudioVersion = 10.0.40219.1
Project("{9A19103F-16F7-4668-BE54-9A1E7A4F7556}") = "Flow.Launcher.Plugin.TinyUrlPlugin", "Flow.Launcher.Plugin.TinyUrlPlugin\Flow.Launcher.Plugin.TinyUrlPlugin.csproj", "{DE48F348-040E-4009-B80A-4CB0AACBE6B8}"
EndProject
Project("{2150E333-8FDC-42A3-9474-1A3956D46DE8}") = "Solution Items", "Solution Items", "{D41570CA-AE4C-4325-9D57-9C542F43EC2B}"
	ProjectSection(SolutionItems) = preProject
		.editorconfig = .editorconfig
	EndProjectSection
EndProject
Project("{2150E333-8FDC-42A3-9474-1A3956D46DE8}") = ".github", ".github", "{1A79DEFE-18E0-49B4-B5F6-A9D394E0BB0A}"
EndProject
Project("{2150E333-8FDC-42A3-9474-1A3956D46DE8}") = "workflows", "workflows", "{DF6BCB18-F763-45A4-99FF-8E097C239966}"
	ProjectSection(SolutionItems) = preProject
		..\..\..\..\Downloads\work\publish-action.yaml = ..\..\..\..\Downloads\work\publish-action.yaml
	EndProjectSection
EndProject
Global
	GlobalSection(SolutionConfigurationPlatforms) = preSolution
		Debug|Any CPU = Debug|Any CPU
		Release|Any CPU = Release|Any CPU
	EndGlobalSection
	GlobalSection(ProjectConfigurationPlatforms) = postSolution
		{DE48F348-040E-4009-B80A-4CB0AACBE6B8}.Debug|Any CPU.ActiveCfg = Debug|Any CPU
		{DE48F348-040E-4009-B80A-4CB0AACBE6B8}.Debug|Any CPU.Build.0 = Debug|Any CPU
		{DE48F348-040E-4009-B80A-4CB0AACBE6B8}.Release|Any CPU.ActiveCfg = Release|Any CPU
		{DE48F348-040E-4009-B80A-4CB0AACBE6B8}.Release|Any CPU.Build.0 = Release|Any CPU
	EndGlobalSection
	GlobalSection(SolutionProperties) = preSolution
		HideSolutionNode = FALSE
	EndGlobalSection
	GlobalSection(NestedProjects) = preSolution
		{DF6BCB18-F763-45A4-99FF-8E097C239966} = {1A79DEFE-18E0-49B4-B5F6-A9D394E0BB0A}
	EndGlobalSection
	GlobalSection(ExtensibilityGlobals) = postSolution
		SolutionGuid = {4B3E82DD-A649-4EA3-9EA7-630FAF627FAA}
	EndGlobalSection
EndGlobal
